
Microsoft Visual Studio Solution File, Format Version 12.00
# Visual Studio 2010
Project("{FAE04EC0-301F-11D3-BF4B-00C04F79EFBC}") = "LiteDB", "LiteDB\LiteDB.csproj", "{E808051A-83B7-4FA9-B004-D064EA162B60}"
EndProject
Project("{FAE04EC0-301F-11D3-BF4B-00C04F79EFBC}") = "LiteDB.Shell", "LiteDB.Shell\LiteDB.Shell.csproj", "{5C46B331-F4DC-469D-B370-532E67CBA808}"
EndProject
Project("{FAE04EC0-301F-11D3-BF4B-00C04F79EFBC}") = "LiteDisk", "LiteDisk\LiteDisk.csproj", "{1F204082-6E3D-4661-8223-379D77B92C66}"
EndProject
Project("{FAE04EC0-301F-11D3-BF4B-00C04F79EFBC}") = "LiteDrive", "LiteDrive\LiteDrive.csproj", "{7F8D06BA-6875-4C86-9DEC-FF7CB13D928E}"
EndProject
Project("{FAE04EC0-301F-11D3-BF4B-00C04F79EFBC}") = "LiteBson", "LiteBson\LiteBson.csproj", "{05B95361-F0AD-4C1D-BF69-828446F73FC0}"
EndProject
Project("{FAE04EC0-301F-11D3-BF4B-00C04F79EFBC}") = "Newtonsoft.Json.Net20", "Newtonsoft.Json-master\Src\Newtonsoft.Json\Newtonsoft.Json.Net20.csproj", "{A9AE40FF-1A21-414A-9FE7-3BE13644CC6D}"
EndProject
Global
	GlobalSection(SolutionConfigurationPlatforms) = preSolution
		Debug|Any CPU = Debug|Any CPU
		Release|Any CPU = Release|Any CPU
	EndGlobalSection
	GlobalSection(ProjectConfigurationPlatforms) = postSolution
		{E808051A-83B7-4FA9-B004-D064EA162B60}.Debug|Any CPU.ActiveCfg = Debug|Any CPU
		{E808051A-83B7-4FA9-B004-D064EA162B60}.Debug|Any CPU.Build.0 = Debug|Any CPU
		{E808051A-83B7-4FA9-B004-D064EA162B60}.Release|Any CPU.ActiveCfg = Release|Any CPU
		{E808051A-83B7-4FA9-B004-D064EA162B60}.Release|Any CPU.Build.0 = Release|Any CPU
		{5C46B331-F4DC-469D-B370-532E67CBA808}.Debug|Any CPU.ActiveCfg = Debug|Any CPU
		{5C46B331-F4DC-469D-B370-532E67CBA808}.Debug|Any CPU.Build.0 = Debug|Any CPU
		{5C46B331-F4DC-469D-B370-532E67CBA808}.Release|Any CPU.ActiveCfg = Release|Any CPU
		{5C46B331-F4DC-469D-B370-532E67CBA808}.Release|Any CPU.Build.0 = Release|Any CPU
		{1F204082-6E3D-4661-8223-379D77B92C66}.Debug|Any CPU.ActiveCfg = Debug|Any CPU
		{1F204082-6E3D-4661-8223-379D77B92C66}.Debug|Any CPU.Build.0 = Debug|Any CPU
		{1F204082-6E3D-4661-8223-379D77B92C66}.Release|Any CPU.ActiveCfg = Release|Any CPU
		{1F204082-6E3D-4661-8223-379D77B92C66}.Release|Any CPU.Build.0 = Release|Any CPU
		{7F8D06BA-6875-4C86-9DEC-FF7CB13D928E}.Debug|Any CPU.ActiveCfg = Debug|Any CPU
		{7F8D06BA-6875-4C86-9DEC-FF7CB13D928E}.Debug|Any CPU.Build.0 = Debug|Any CPU
		{7F8D06BA-6875-4C86-9DEC-FF7CB13D928E}.Release|Any CPU.ActiveCfg = Release|Any CPU
		{7F8D06BA-6875-4C86-9DEC-FF7CB13D928E}.Release|Any CPU.Build.0 = Release|Any CPU
		{05B95361-F0AD-4C1D-BF69-828446F73FC0}.Debug|Any CPU.ActiveCfg = Debug|Any CPU
		{05B95361-F0AD-4C1D-BF69-828446F73FC0}.Debug|Any CPU.Build.0 = Debug|Any CPU
		{05B95361-F0AD-4C1D-BF69-828446F73FC0}.Release|Any CPU.ActiveCfg = Release|Any CPU
		{05B95361-F0AD-4C1D-BF69-828446F73FC0}.Release|Any CPU.Build.0 = Release|Any CPU
		{A9AE40FF-1A21-414A-9FE7-3BE13644CC6D}.Debug|Any CPU.ActiveCfg = Debug|Any CPU
		{A9AE40FF-1A21-414A-9FE7-3BE13644CC6D}.Debug|Any CPU.Build.0 = Debug|Any CPU
		{A9AE40FF-1A21-414A-9FE7-3BE13644CC6D}.Release|Any CPU.ActiveCfg = Release|Any CPU
		{A9AE40FF-1A21-414A-9FE7-3BE13644CC6D}.Release|Any CPU.Build.0 = Release|Any CPU
	EndGlobalSection
	GlobalSection(SolutionProperties) = preSolution
		HideSolutionNode = FALSE
	EndGlobalSection
EndGlobal
